
Microsoft Visual Studio Solution File, Format Version 11.00
# Visual Studio 2010
Project("{FAE04EC0-301F-11D3-BF4B-00C04F79EFBC}") = "Pl.Sepio.Tfidf", "Pl.Sepio.Tfidf\Pl.Sepio.Tfidf.csproj", "{CFB7B38D-CB31-4282-A052-9F2FFB2EC879}"
EndProject
Project("{FAE04EC0-301F-11D3-BF4B-00C04F79EFBC}") = "Pl.Sepio.Tfidf.Tests", "Pl.Sepio.Tfidf.Tests\Pl.Sepio.Tfidf.Tests.csproj", "{653BAEBA-3E40-4FC4-B0E5-8DD0F2DAC968}"
EndProject
Global
	GlobalSection(SolutionConfigurationPlatforms) = preSolution
		Debug|Any CPU = Debug|Any CPU
		Release|Any CPU = Release|Any CPU
	EndGlobalSection
	GlobalSection(ProjectConfigurationPlatforms) = postSolution
		{CFB7B38D-CB31-4282-A052-9F2FFB2EC879}.Debug|Any CPU.ActiveCfg = Debug|Any CPU
		{CFB7B38D-CB31-4282-A052-9F2FFB2EC879}.Debug|Any CPU.Build.0 = Debug|Any CPU
		{CFB7B38D-CB31-4282-A052-9F2FFB2EC879}.Release|Any CPU.ActiveCfg = Release|Any CPU
		{CFB7B38D-CB31-4282-A052-9F2FFB2EC879}.Release|Any CPU.Build.0 = Release|Any CPU
		{653BAEBA-3E40-4FC4-B0E5-8DD0F2DAC968}.Debug|Any CPU.ActiveCfg = Debug|Any CPU
		{653BAEBA-3E40-4FC4-B0E5-8DD0F2DAC968}.Debug|Any CPU.Build.0 = Debug|Any CPU
		{653BAEBA-3E40-4FC4-B0E5-8DD0F2DAC968}.Release|Any CPU.ActiveCfg = Release|Any CPU
		{653BAEBA-3E40-4FC4-B0E5-8DD0F2DAC968}.Release|Any CPU.Build.0 = Release|Any CPU
	EndGlobalSection
	GlobalSection(SolutionProperties) = preSolution
		HideSolutionNode = FALSE
	EndGlobalSection
EndGlobal
